
Microsoft Visual Studio Solution File, Format Version 12.00
# Visual Studio Version 17
VisualStudioVersion = 17.11.35312.102
MinimumVisualStudioVersion = 10.0.40219.1
Project("{FAE04EC0-301F-11D3-BF4B-00C04F79EFBC}") = "DemoPatronConsumidor", "DemoPatronConsumidor\DemoPatronConsumidor.csproj", "{DCFDFF77-6E33-4480-BB33-2CFE230E47B8}"
EndProject
Global
	GlobalSection(SolutionConfigurationPlatforms) = preSolution
		Debug|Any CPU = Debug|Any CPU
		Release|Any CPU = Release|Any CPU
	EndGlobalSection
	GlobalSection(ProjectConfigurationPlatforms) = postSolution
		{DCFDFF77-6E33-4480-BB33-2CFE230E47B8}.Debug|Any CPU.ActiveCfg = Debug|Any CPU
		{DCFDFF77-6E33-4480-BB33-2CFE230E47B8}.Debug|Any CPU.Build.0 = Debug|Any CPU
		{DCFDFF77-6E33-4480-BB33-2CFE230E47B8}.Release|Any CPU.ActiveCfg = Release|Any CPU
		{DCFDFF77-6E33-4480-BB33-2CFE230E47B8}.Release|Any CPU.Build.0 = Release|Any CPU
	EndGlobalSection
	GlobalSection(SolutionProperties) = preSolution
		HideSolutionNode = FALSE
	EndGlobalSection
	GlobalSection(ExtensibilityGlobals) = postSolution
		SolutionGuid = {3D6BAE88-4D20-4BBA-8AE8-2A19B4685456}
	EndGlobalSection
EndGlobal
